<Solution>
  <Folder Name="/samples/">
    <Project Path="samples/SampleApp/SampleApp.csproj" />
    <Project Path="samples/SampleApp.React/SampleApp.React.csproj" />
    <Project Path="samples/SampleApp.Tailwind/SampleApp.Tailwind.csproj" />
  </Folder>
  <Folder Name="/src/">
    <Project Path="src/JsxCore/JsxCore.csproj" />
    <Project Path="src/JsxCore.PackageManagement/JsxCore.PackageManagement.csproj" />
    <Project Path="src/JsxCore.Npm/JsxCore.Npm.csproj" />
    <Project Path="src/JsxCore.Tool/JsxCore.Tool.csproj" />
    <Project Path="src/JsxCore.Analyzers/JsxCore.Analyzers.csproj" />
  </Folder>
  <Folder Name="/test/">
    <Project Path="test/JsxCore.Tests/JsxCore.Tests.csproj" />
  </Folder>
</Solution>
